<?xml version="1.0" encoding="utf-8"?>
<Project ToolsVersion="4.0" xmlns="http://schemas.microsoft.com/developer/msbuild/2003">
  <ItemGroup>
    <ClCompile Include="CommandAllocatorPool.cpp">
      <Filter>Graphics\Core\Context\Commands Manager</Filter>
    </ClCompile>
    <ClCompile Include="CommandListManager.cpp">
      <Filter>Graphics\Core\Context\Commands Manager</Filter>
    </ClCompile>
    <ClCompile Include="CommandSignature.cpp">
      <Filter>Graphics\Core\Context\Commands Manager</Filter>
    </ClCompile>
    <ClCompile Include="DDSTextureLoader.cpp">
      <Filter>Engine\Utils</Filter>
    </ClCompile>
    <ClCompile Include="DynamicDescriptorHeap.cpp">
      <Filter>Graphics\Core\Resources\Descriptots</Filter>
    </ClCompile>
    <ClCompile Include="DescriptorHeap.cpp">
      <Filter>Graphics\Core\Resources\Descriptots</Filter>
    </ClCompile>
    <ClCompile Include="FXAA.cpp">
      <Filter>Graphics\Renderer\Effects</Filter>
    </ClCompile>
    <ClCompile Include="DepthOfField.cpp">
      <Filter>Graphics\Renderer\Effects</Filter>
    </ClCompile>
    <ClCompile Include="EngineTuning.cpp">
      <Filter>Engine</Filter>
    </ClCompile>
    <ClCompile Include="BuddyAllocator.cpp">
      <Filter>Engine\Allocators</Filter>
    </ClCompile>
    <ClCompile Include="MotionBlur.cpp">
      <Filter>Graphics\Renderer\Effects</Filter>
    </ClCompile>
    <ClCompile Include="LinearAllocator.cpp">
      <Filter>Engine\Allocators</Filter>
    </ClCompile>
    <ClCompile Include="Utility.cpp">
      <Filter>Engine\Utils</Filter>
    </ClCompile>
    <ClCompile Include="FileUtility.cpp">
      <Filter>Engine\Utils</Filter>
    </ClCompile>
    <ClCompile Include="TemporalEffects.cpp">
      <Filter>Graphics\Renderer\Effects</Filter>
    </ClCompile>
    <ClCompile Include="ParticleEffect.cpp">
      <Filter>Graphics\Renderer\Particles</Filter>
    </ClCompile>
    <ClCompile Include="ParticleEffectManager.cpp">
      <Filter>Graphics\Renderer\Particles</Filter>
    </ClCompile>
    <ClCompile Include="ParticleEmissionProperties.cpp">
      <Filter>Graphics\Renderer\Particles</Filter>
    </ClCompile>
    <ClCompile Include="Texture.cpp">
      <Filter>Graphics\Core\Resources\Textures</Filter>
    </ClCompile>
    <ClCompile Include="TextureManager.cpp">
      <Filter>Graphics\Core\Resources\Textures</Filter>
    </ClCompile>
    <ClCompile Include="SSAO.cpp">
      <Filter>Graphics\Renderer\Effects</Filter>
    </ClCompile>
    <ClCompile Include="SystemTime.cpp">
      <Filter>Engine\Time</Filter>
    </ClCompile>
    <ClCompile Include="PostEffects.cpp">
      <Filter>Graphics\Renderer\Effects</Filter>
    </ClCompile>
    <ClCompile Include="Math\Random.cpp">
      <Filter>Helpers\Math</Filter>
    </ClCompile>
    <ClCompile Include="PipelineState.cpp">
      <Filter>Graphics\Core\PSO</Filter>
    </ClCompile>
    <ClCompile Include="RootSignature.cpp">
      <Filter>Graphics\Core\PSO</Filter>
    </ClCompile>
    <ClCompile Include="SamplerManager.cpp">
      <Filter>Graphics\Core\PSO</Filter>
    </ClCompile>
    <ClCompile Include="Input.cpp">
      <Filter>Game\Input</Filter>
    </ClCompile>
    <ClCompile Include="CameraController.cpp">
      <Filter>Game\Input</Filter>
    </ClCompile>
    <ClCompile Include="GameCore.cpp">
      <Filter>Game</Filter>
    </ClCompile>
    <ClCompile Include="UploadBuffer.cpp">
      <Filter>Graphics\Core\Resources\Buffers\Utility</Filter>
    </ClCompile>
    <ClCompile Include="PixelBuffer.cpp">
      <Filter>Graphics\Core\Resources\Buffers\Pixel</Filter>
    </ClCompile>
    <ClCompile Include="DepthBuffer.cpp">
      <Filter>Graphics\Core\Resources\Buffers\Pixel</Filter>
    </ClCompile>
    <ClCompile Include="ColorBuffer.cpp">
      <Filter>Graphics\Core\Resources\Buffers\Pixel</Filter>
    </ClCompile>
    <ClCompile Include="ShadowBuffer.cpp">
      <Filter>Graphics\Core\Resources\Buffers\Pixel</Filter>
    </ClCompile>
    <ClCompile Include="ReadbackBuffer.cpp">
      <Filter>Graphics\Core\Resources\Buffers\Utility</Filter>
    </ClCompile>
    <ClCompile Include="BufferManager.cpp">
      <Filter>Graphics\Core\Resources\Buffers</Filter>
    </ClCompile>
    <ClCompile Include="GpuBuffer.cpp">
      <Filter>Graphics\Core\Resources\Buffers\Utility</Filter>
    </ClCompile>
    <ClCompile Include="GraphicsCore.cpp">
      <Filter>Graphics</Filter>
    </ClCompile>
    <ClCompile Include="GraphicsCommon.cpp">
      <Filter>Graphics\Renderer</Filter>
    </ClCompile>
    <ClCompile Include="TextRenderer.cpp">
      <Filter>Graphics\Renderer\Text</Filter>
    </ClCompile>
    <ClCompile Include="Display.cpp">
      <Filter>Graphics\Renderer\Display</Filter>
    </ClCompile>
    <ClCompile Include="GraphRenderer.cpp">
      <Filter>Graphics\Renderer\Utils\Graph</Filter>
    </ClCompile>
    <ClCompile Include="CommandContext.cpp">
      <Filter>Graphics\Core\Context</Filter>
    </ClCompile>
    <ClCompile Include="GpuTimeManager.cpp">
      <Filter>Graphics\Core\GpuTime</Filter>
    </ClCompile>
    <ClCompile Include="EngineProfiling.cpp">
      <Filter>Engine\Time</Filter>
    </ClCompile>
    <ClCompile Include="BitonicSort.cpp">
      <Filter>Graphics\Renderer\Utils</Filter>
    </ClCompile>
    <ClCompile Include="ImageScaling.cpp">
      <Filter>Graphics\Renderer\Utils</Filter>
    </ClCompile>
    <ClCompile Include="Color.cpp">
      <Filter>Helpers\Math</Filter>
    </ClCompile>
    <ClCompile Include="Util\CommandLineArg.cpp">
      <Filter>Engine\Utils</Filter>
    </ClCompile>
    <ClCompile Include="pch.cpp">
      <Filter>Helpers\Headers</Filter>
    </ClCompile>
    <ClCompile Include="Math\BoundingSphere.cpp">
      <Filter>Helpers\Math\Camera\Bounds</Filter>
    </ClCompile>
    <ClCompile Include="ShadowCamera.cpp">
      <Filter>Helpers\Math\Camera</Filter>
    </ClCompile>
    <ClCompile Include="Camera.cpp">
      <Filter>Helpers\Math\Camera</Filter>
    </ClCompile>
    <ClCompile Include="Math\Frustum.cpp">
      <Filter>Helpers\Math\Camera\Frustum</Filter>
    </ClCompile>
  </ItemGroup>
  <ItemGroup>
    <ClInclude Include="CommandAllocatorPool.h">
      <Filter>Graphics\Core\Context\Commands Manager</Filter>
    </ClInclude>
    <ClInclude Include="CommandListManager.h">
      <Filter>Graphics\Core\Context\Commands Manager</Filter>
    </ClInclude>
    <ClInclude Include="CommandSignature.h">
      <Filter>Graphics\Core\Context\Commands Manager</Filter>
    </ClInclude>
    <ClInclude Include="DDSTextureLoader.h">
      <Filter>Engine\Utils</Filter>
    </ClInclude>
    <ClInclude Include="DynamicDescriptorHeap.h">
      <Filter>Graphics\Core\Resources\Descriptots</Filter>
    </ClInclude>
    <ClInclude Include="DescriptorHeap.h">
      <Filter>Graphics\Core\Resources\Descriptots</Filter>
    </ClInclude>
    <ClInclude Include="FXAA.h">
      <Filter>Graphics\Renderer\Effects</Filter>
    </ClInclude>
    <ClInclude Include="DepthOfField.h">
      <Filter>Graphics\Renderer\Effects</Filter>
    </ClInclude>
    <ClInclude Include="EngineTuning.h">
      <Filter>Engine</Filter>
    </ClInclude>
    <ClInclude Include="BuddyAllocator.h">
      <Filter>Engine\Allocators</Filter>
    </ClInclude>
    <ClInclude Include="EsramAllocator.h">
      <Filter>Engine\Allocators</Filter>
    </ClInclude>
    <ClInclude Include="Hash.h">
      <Filter>Engine\Utils</Filter>
    </ClInclude>
    <ClInclude Include="MotionBlur.h">
      <Filter>Graphics\Renderer\Effects</Filter>
    </ClInclude>
    <ClInclude Include="LinearAllocator.h">
      <Filter>Engine\Allocators</Filter>
    </ClInclude>
    <ClInclude Include="Utility.h">
      <Filter>Engine\Utils</Filter>
    </ClInclude>
    <ClInclude Include="FileUtility.h">
      <Filter>Engine\Utils</Filter>
    </ClInclude>
    <ClInclude Include="TemporalEffects.h">
      <Filter>Graphics\Renderer\Effects</Filter>
    </ClInclude>
    <ClInclude Include="ParticleEffect.h">
      <Filter>Graphics\Renderer\Particles</Filter>
    </ClInclude>
    <ClInclude Include="ParticleEffectManager.h">
      <Filter>Graphics\Renderer\Particles</Filter>
    </ClInclude>
    <ClInclude Include="ParticleEffectProperties.h">
      <Filter>Graphics\Renderer\Particles</Filter>
    </ClInclude>
    <ClInclude Include="ParticleShaderStructs.h">
      <Filter>Graphics\Renderer\Particles</Filter>
    </ClInclude>
    <ClInclude Include="TextureManager.h">
      <Filter>Graphics\Core\Resources\Textures</Filter>
    </ClInclude>
    <ClInclude Include="Texture.h">
      <Filter>Graphics\Core\Resources\Textures</Filter>
    </ClInclude>
    <ClInclude Include="SSAO.h">
      <Filter>Graphics\Renderer\Effects</Filter>
    </ClInclude>
    <ClInclude Include="SystemTime.h">
      <Filter>Engine\Time</Filter>
    </ClInclude>
    <ClInclude Include="PostEffects.h">
      <Filter>Graphics\Renderer\Effects</Filter>
    </ClInclude>
    <ClInclude Include="Math\Random.h">
      <Filter>Helpers\Math</Filter>
    </ClInclude>
    <ClInclude Include="PipelineState.h">
      <Filter>Graphics\Core\PSO</Filter>
    </ClInclude>
    <ClInclude Include="RootSignature.h">
      <Filter>Graphics\Core\PSO</Filter>
    </ClInclude>
    <ClInclude Include="SamplerManager.h">
      <Filter>Graphics\Core\PSO</Filter>
    </ClInclude>
    <ClInclude Include="GpuResource.h">
      <Filter>Graphics\Core\Resources</Filter>
    </ClInclude>
    <ClInclude Include="Math\Common.h">
      <Filter>Helpers\Math</Filter>
    </ClInclude>
    <ClInclude Include="GameInput.h">
      <Filter>Game\Input</Filter>
    </ClInclude>
    <ClInclude Include="CameraController.h">
      <Filter>Game\Input</Filter>
    </ClInclude>
    <ClInclude Include="GameCore.h">
      <Filter>Game</Filter>
    </ClInclude>
    <ClInclude Include="Util\CommandLineArg.h">
      <Filter>Engine</Filter>
    </ClInclude>
    <ClInclude Include="UploadBuffer.h">
      <Filter>Graphics\Core\Resources\Buffers\Utility</Filter>
    </ClInclude>
    <ClInclude Include="PixelBuffer.h">
      <Filter>Graphics\Core\Resources\Buffers\Pixel</Filter>
    </ClInclude>
    <ClInclude Include="DepthBuffer.h">
      <Filter>Graphics\Core\Resources\Buffers\Pixel</Filter>
    </ClInclude>
    <ClInclude Include="ColorBuffer.h">
      <Filter>Graphics\Core\Resources\Buffers\Pixel</Filter>
    </ClInclude>
    <ClInclude Include="ShadowBuffer.h">
      <Filter>Graphics\Core\Resources\Buffers\Pixel</Filter>
    </ClInclude>
    <ClInclude Include="ReadbackBuffer.h">
      <Filter>Graphics\Core\Resources\Buffers\Utility</Filter>
    </ClInclude>
    <ClInclude Include="BufferManager.h">
      <Filter>Graphics\Core\Resources\Buffers</Filter>
    </ClInclude>
    <ClInclude Include="GpuBuffer.h">
      <Filter>Graphics\Core\Resources\Buffers\Utility</Filter>
    </ClInclude>
    <ClInclude Include="GraphicsCore.h">
      <Filter>Graphics</Filter>
    </ClInclude>
    <ClInclude Include="GraphicsCommon.h">
      <Filter>Graphics\Renderer</Filter>
    </ClInclude>
    <ClInclude Include="TextRenderer.h">
      <Filter>Graphics\Renderer\Text</Filter>
    </ClInclude>
    <ClInclude Include="Display.h">
      <Filter>Graphics\Renderer\Display</Filter>
    </ClInclude>
    <ClInclude Include="GraphRenderer.h">
      <Filter>Graphics\Renderer\Utils\Graph</Filter>
    </ClInclude>
    <ClInclude Include="CommandContext.h">
      <Filter>Graphics\Core\Context</Filter>
    </ClInclude>
    <ClInclude Include="GpuTimeManager.h">
      <Filter>Graphics\Core\GpuTime</Filter>
    </ClInclude>
    <ClInclude Include="EngineProfiling.h">
      <Filter>Engine\Time</Filter>
    </ClInclude>
    <ClInclude Include="BitonicSort.h">
      <Filter>Graphics\Renderer\Utils</Filter>
    </ClInclude>
    <ClInclude Include="ImageScaling.h">
      <Filter>Graphics\Renderer\Utils</Filter>
    </ClInclude>
    <ClInclude Include="Color.h">
      <Filter>Helpers\Math</Filter>
    </ClInclude>
    <ClInclude Include="pch.h">
      <Filter>Helpers\Headers</Filter>
    </ClInclude>
    <ClInclude Include="dds.h">
      <Filter>Helpers\Headers</Filter>
    </ClInclude>
    <ClInclude Include="GeometryBuffer.h">
      <Filter>Helpers\Headers</Filter>
    </ClInclude>
    <ClInclude Include="d3dx12.h">
      <Filter>Helpers\Headers</Filter>
    </ClInclude>
    <ClInclude Include="VectorMath.h">
      <Filter>Helpers\Math\Vector</Filter>
    </ClInclude>
    <ClInclude Include="Math\Vector.h">
      <Filter>Helpers\Math\Vector</Filter>
    </ClInclude>
    <ClInclude Include="Math\Matrix4.h">
      <Filter>Helpers\Math\Vector</Filter>
    </ClInclude>
    <ClInclude Include="Math\Matrix3.h">
      <Filter>Helpers\Math\Vector</Filter>
    </ClInclude>
    <ClInclude Include="Math\Quaternion.h">
      <Filter>Helpers\Math\Vector</Filter>
    </ClInclude>
    <ClInclude Include="Math\Transform.h">
      <Filter>Helpers\Math\Vector</Filter>
    </ClInclude>
    <ClInclude Include="Math\Scalar.h">
      <Filter>Helpers\Math\Vector</Filter>
    </ClInclude>
    <ClInclude Include="Math\BoundingBox.h">
      <Filter>Helpers\Math\Camera\Bounds</Filter>
    </ClInclude>
    <ClInclude Include="Math\BoundingPlane.h">
      <Filter>Helpers\Math\Camera\Bounds</Filter>
    </ClInclude>
    <ClInclude Include="Math\BoundingSphere.h">
      <Filter>Helpers\Math\Camera\Bounds</Filter>
    </ClInclude>
    <ClInclude Include="ShadowCamera.h">
      <Filter>Helpers\Math\Camera</Filter>
    </ClInclude>
    <ClInclude Include="Camera.h">
      <Filter>Helpers\Math\Camera</Filter>
    </ClInclude>
    <ClInclude Include="Math\Frustum.h">
      <Filter>Helpers\Math\Camera\Frustum</Filter>
    </ClInclude>
    <ClInclude Include="HlslCompat.h">
      <Filter>Helpers</Filter>
    </ClInclude>
  </ItemGroup>
  <ItemGroup>
    <None Include="Math\Functions.inl">
      <Filter>Helpers\Math\Vector</Filter>
    </None>
    <None Include="packages.config">
      <Filter>Helpers</Filter>
    </None>
  </ItemGroup>
  <ItemGroup>
    <Filter Include="Engine">
      <UniqueIdentifier>{3a5d6283-05c1-4096-abe9-9bd5a1dbfc7a}</UniqueIdentifier>
    </Filter>
    <Filter Include="Engine\Time">
      <UniqueIdentifier>{48162819-de6a-432a-8b22-3a4122b60be7}</UniqueIdentifier>
    </Filter>
    <Filter Include="Game">
      <UniqueIdentifier>{8c3aaab1-879a-4b73-abe8-0b0d03db648e}</UniqueIdentifier>
    </Filter>
    <Filter Include="Game\Input">
      <UniqueIdentifier>{fdc54374-e6ca-498b-be4b-ea0c33769cff}</UniqueIdentifier>
    </Filter>
    <Filter Include="Graphics">
      <UniqueIdentifier>{c502c0bf-d7c9-4cae-8369-ab3b61fe45ab}</UniqueIdentifier>
    </Filter>
    <Filter Include="Graphics\Renderer">
      <UniqueIdentifier>{790d16fd-63c2-448b-8e3a-0c4311615142}</UniqueIdentifier>
    </Filter>
    <Filter Include="Graphics\Renderer\Particles">
      <UniqueIdentifier>{605e823d-fb74-415b-ad49-d34d7b3f3187}</UniqueIdentifier>
    </Filter>
    <Filter Include="Graphics\Renderer\Effects">
      <UniqueIdentifier>{36ca8d7a-f50f-44cb-b4c3-ec7bac1aca09}</UniqueIdentifier>
    </Filter>
    <Filter Include="Graphics\Core">
      <UniqueIdentifier>{f8fd91c2-2d7d-465d-8a8d-5526c39fe0fc}</UniqueIdentifier>
    </Filter>
    <Filter Include="Graphics\Core\Resources">
      <UniqueIdentifier>{2a8c0a5a-a3a3-40a5-b1d1-7c976b984dff}</UniqueIdentifier>
    </Filter>
    <Filter Include="Graphics\Core\Resources\Textures">
      <UniqueIdentifier>{99c74150-a354-4a66-89e1-daeddd088214}</UniqueIdentifier>
    </Filter>
    <Filter Include="Graphics\Core\Resources\Buffers">
      <UniqueIdentifier>{fc3f9dc9-86a7-463b-87f9-703f104998da}</UniqueIdentifier>
    </Filter>
    <Filter Include="Graphics\Core\Resources\Buffers\Utility">
      <UniqueIdentifier>{18c3a847-64f8-43a4-a32e-9db34a33f555}</UniqueIdentifier>
    </Filter>
    <Filter Include="Graphics\Core\Resources\Buffers\Pixel">
      <UniqueIdentifier>{d10c5698-7dbe-45fd-b82b-824130b0be83}</UniqueIdentifier>
    </Filter>
    <Filter Include="Graphics\Core\Resources\Descriptots">
      <UniqueIdentifier>{42b9523f-8b5a-409c-be6a-f3fde6bed166}</UniqueIdentifier>
    </Filter>
    <Filter Include="Graphics\Core\Context">
      <UniqueIdentifier>{1825cda0-f041-4005-b3f2-1f60dbbded40}</UniqueIdentifier>
    </Filter>
    <Filter Include="Graphics\Core\PSO">
      <UniqueIdentifier>{bc627e89-717b-4bff-b950-4319bb2f1c9b}</UniqueIdentifier>
    </Filter>
    <Filter Include="Graphics\Renderer\Text">
      <UniqueIdentifier>{3d9e3a8f-3c08-4821-ada1-cf057c8d6f8d}</UniqueIdentifier>
    </Filter>
    <Filter Include="Graphics\Core\Context\Commands Manager">
      <UniqueIdentifier>{eb21ebf9-ae2e-4b03-a65b-725112f6cdf2}</UniqueIdentifier>
    </Filter>
    <Filter Include="Graphics\Core\GpuTime">
      <UniqueIdentifier>{6509ee80-c5ad-4b75-afe2-43f02cd5d603}</UniqueIdentifier>
    </Filter>
    <Filter Include="Graphics\Renderer\Utils">
      <UniqueIdentifier>{05f9602b-371c-41b3-9a9f-cadf44b2f7b0}</UniqueIdentifier>
    </Filter>
    <Filter Include="Graphics\Renderer\Utils\Graph">
      <UniqueIdentifier>{29ed6bd8-d6e2-41f0-8e75-e50ceeb2d52b}</UniqueIdentifier>
    </Filter>
    <Filter Include="Graphics\Renderer\Display">
      <UniqueIdentifier>{5b76d464-6039-470d-a5e3-a513cb7d4329}</UniqueIdentifier>
    </Filter>
    <Filter Include="Engine\Utils">
      <UniqueIdentifier>{ffc2386e-9bf7-4b55-b34f-80a3df8bba2a}</UniqueIdentifier>
    </Filter>
    <Filter Include="Engine\Allocators">
      <UniqueIdentifier>{937fb309-a97a-4c92-8445-30a5f2a10730}</UniqueIdentifier>
    </Filter>
    <Filter Include="Helpers">
      <UniqueIdentifier>{8c3dcc74-9fd8-4784-9ad9-022c57222d4f}</UniqueIdentifier>
    </Filter>
    <Filter Include="Helpers\Math">
      <UniqueIdentifier>{4b526bb4-822a-4067-8362-44775c3d3816}</UniqueIdentifier>
    </Filter>
    <Filter Include="Helpers\Headers">
      <UniqueIdentifier>{398f79cd-c27b-4482-929e-a937e9a19383}</UniqueIdentifier>
    </Filter>
    <Filter Include="Helpers\Math\Vector">
      <UniqueIdentifier>{2c535e5a-8f9c-4d0b-a789-5311781cc7fc}</UniqueIdentifier>
    </Filter>
    <Filter Include="Helpers\Math\Camera">
      <UniqueIdentifier>{d8479859-b2d1-45c3-abff-c93be1b360a7}</UniqueIdentifier>
    </Filter>
    <Filter Include="Helpers\Math\Camera\Frustum">
      <UniqueIdentifier>{39f1944b-c988-419c-a4be-5b04f31bb676}</UniqueIdentifier>
    </Filter>
    <Filter Include="Helpers\Math\Camera\Bounds">
      <UniqueIdentifier>{424e786f-c449-4ba8-ae64-16cdd62c3282}</UniqueIdentifier>
    </Filter>
  </ItemGroup>
</Project>