<?xml version="1.0" encoding="utf-8"?>
<Project ToolsVersion="4.0" xmlns="http://schemas.microsoft.com/developer/msbuild/2003">
  <ItemGroup>
    <ClInclude Include="Src\DXSampleHelper.h">
      <Filter>Helpers</Filter>
    </ClInclude>
    <ClInclude Include="Src\RTModelViewer.h" />
  </ItemGroup>
  <ItemGroup>
    <Filter Include="Viewer">
      <UniqueIdentifier>{196ca46c-0094-44a5-bf6e-c6db8dfdd4d0}</UniqueIdentifier>
    </Filter>
    <Filter Include="Helpers">
      <UniqueIdentifier>{067abc12-7f7c-4833-a50e-8844533a1207}</UniqueIdentifier>
    </Filter>
    <Filter Include="RayTracing">
      <UniqueIdentifier>{ea2fcbb5-f761-4408-a44b-61f541f9bd72}</UniqueIdentifier>
    </Filter>
  </ItemGroup>
  <ItemGroup>
    <None Include="packages.config">
      <Filter>Helpers</Filter>
    </None>
    <None Include="..\readme.md">
      <Filter>Helpers</Filter>
    </None>
  </ItemGroup>
  <ItemGroup>
    <ClCompile Include="Src\RayTracingRender.cpp">
      <Filter>RayTracing</Filter>
    </ClCompile>
    <ClCompile Include="Src\RayTracingPSO.cpp">
      <Filter>RayTracing</Filter>
    </ClCompile>
    <ClCompile Include="Src\RayTracingTLAS.cpp">
      <Filter>RayTracing</Filter>
    </ClCompile>
    <ClCompile Include="Src\RayTracingModel.cpp">
      <Filter>RayTracing</Filter>
    </ClCompile>
    <ClCompile Include="Src\ViewerUpdate.cpp">
      <Filter>Viewer</Filter>
    </ClCompile>
    <ClCompile Include="Src\ViewerRender.cpp">
      <Filter>Viewer</Filter>
    </ClCompile>
    <ClCompile Include="Src\ViewerStartup.cpp">
      <Filter>Viewer</Filter>
    </ClCompile>
    <ClCompile Include="Src\RTModelViewer.cpp" />
  </ItemGroup>
</Project>