<?xml version="1.0" encoding="utf-8"?>
<Project ToolsVersion="15.0" xmlns="http://schemas.microsoft.com/developer/msbuild/2003">
  <ItemGroup>
    <ClCompile Include="Model.cpp">
      <Filter>Model</Filter>
    </ClCompile>
    <ClCompile Include="Renderer.cpp">
      <Filter>Renderer</Filter>
    </ClCompile>
    <ClCompile Include="glTF.cpp">
      <Filter>Model\GLTF</Filter>
    </ClCompile>
    <ClCompile Include="TextureConvert.cpp">
      <Filter>Model\Loader\Convert</Filter>
    </ClCompile>
    <ClCompile Include="MeshConvert.cpp">
      <Filter>Model\Loader\Convert</Filter>
    </ClCompile>
    <ClCompile Include="Animation.cpp">
      <Filter>Model</Filter>
    </ClCompile>
    <ClCompile Include="BuildH3D.cpp">
      <Filter>Legacy\ModelH3D</Filter>
    </ClCompile>
    <ClCompile Include="ModelH3D.cpp">
      <Filter>Legacy\ModelH3D</Filter>
    </ClCompile>
    <ClCompile Include="IndexOptimizePostTransform.cpp">
      <Filter>Model\Loader\Convert</Filter>
    </ClCompile>
    <ClCompile Include="ModelConvert.cpp">
      <Filter>Model\Loader\Convert</Filter>
    </ClCompile>
    <ClCompile Include="SponzaRenderer.cpp">
      <Filter>Legacy</Filter>
    </ClCompile>
    <ClCompile Include="ParticleEffects.cpp">
      <Filter>Legacy</Filter>
    </ClCompile>
    <ClCompile Include="ModelLoader.cpp">
      <Filter>Model\Loader</Filter>
    </ClCompile>
    <ClCompile Include="LightManager.cpp">
      <Filter>Renderer</Filter>
    </ClCompile>
  </ItemGroup>
  <ItemGroup>
    <Filter Include="Model">
      <UniqueIdentifier>{635f2b72-ea63-4c39-bf2b-896b2dcd1aab}</UniqueIdentifier>
    </Filter>
    <Filter Include="Renderer">
      <UniqueIdentifier>{4f1fd91d-3044-4c09-a78c-2a96c63f1e8a}</UniqueIdentifier>
    </Filter>
    <Filter Include="Helpers">
      <UniqueIdentifier>{930c05e4-6e0d-478a-a897-49becac50dc2}</UniqueIdentifier>
    </Filter>
    <Filter Include="Legacy">
      <UniqueIdentifier>{32a156d5-2d24-453c-94d1-012e6fc5270c}</UniqueIdentifier>
    </Filter>
    <Filter Include="Legacy\ModelH3D">
      <UniqueIdentifier>{f981b732-c382-461b-9b77-9da17fb14250}</UniqueIdentifier>
    </Filter>
    <Filter Include="Model\GLTF">
      <UniqueIdentifier>{1aefd166-295f-4b16-9956-2bfd5fb2d8dd}</UniqueIdentifier>
    </Filter>
    <Filter Include="Model\Loader">
      <UniqueIdentifier>{93c6fc2a-26c7-4e51-94b1-509c3c9b1a59}</UniqueIdentifier>
    </Filter>
    <Filter Include="Model\Loader\Convert">
      <UniqueIdentifier>{b5f0b34d-8f2f-4f75-8c7b-680bb5dca8ab}</UniqueIdentifier>
    </Filter>
  </ItemGroup>
  <ItemGroup>
    <ClInclude Include="Model.h">
      <Filter>Model</Filter>
    </ClInclude>
    <ClInclude Include="Renderer.h">
      <Filter>Renderer</Filter>
    </ClInclude>
    <ClInclude Include="glTF.h">
      <Filter>Model\GLTF</Filter>
    </ClInclude>
    <ClInclude Include="TextureConvert.h">
      <Filter>Model\Loader\Convert</Filter>
    </ClInclude>
    <ClInclude Include="MeshConvert.h">
      <Filter>Model\Loader\Convert</Filter>
    </ClInclude>
    <ClInclude Include="json.hpp">
      <Filter>Helpers</Filter>
    </ClInclude>
    <ClInclude Include="Animation.h">
      <Filter>Model</Filter>
    </ClInclude>
    <ClInclude Include="ModelH3D.h">
      <Filter>Legacy\ModelH3D</Filter>
    </ClInclude>
    <ClInclude Include="ConstantBuffers.h">
      <Filter>Helpers</Filter>
    </ClInclude>
    <ClInclude Include="IndexOptimizePostTransform.h">
      <Filter>Model\Loader\Convert</Filter>
    </ClInclude>
    <ClInclude Include="SponzaRenderer.h">
      <Filter>Legacy</Filter>
    </ClInclude>
    <ClInclude Include="ParticleEffects.h">
      <Filter>Legacy</Filter>
    </ClInclude>
    <ClInclude Include="ModelLoader.h">
      <Filter>Model\Loader</Filter>
    </ClInclude>
    <ClInclude Include="LightManager.h">
      <Filter>Renderer</Filter>
    </ClInclude>
  </ItemGroup>
  <ItemGroup>
    <None Include="packages.config">
      <Filter>Helpers</Filter>
    </None>
  </ItemGroup>
</Project>